// !$*UTF8*$!
{
	archiveVersion = 1;
	classes = {
	};
	objectVersion = 50;
	objects = {

/* Begin PBXBuildFile section */
		8CEC7B1FFA627DDAFD66FFAC /* Pods_UITableVIewExample.framework in Frameworks */ = {isa = PBXBuildFile; fileRef = 5AF9F8035EDAC26C95BF9A72 /* Pods_UITableVIewExample.framework */; };
		9920D28C229D20D70077C95C /* SingleContentCell.swift in Sources */ = {isa = PBXBuildFile; fileRef = 9920D28B229D20D70077C95C /* SingleContentCell.swift */; };
		9920D28E229D2B730077C95C /* DummyImageService.swift in Sources */ = {isa = PBXBuildFile; fileRef = 9920D28D229D2B730077C95C /* DummyImageService.swift */; };
		99EB4A73229C0FD900B2BD93 /* AppDelegate.swift in Sources */ = {isa = PBXBuildFile; fileRef = 99EB4A72229C0FD900B2BD93 /* AppDelegate.swift */; };
		99EB4A75229C0FD900B2BD93 /* ViewController.swift in Sources */ = {isa = PBXBuildFile; fileRef = 99EB4A74229C0FD900B2BD93 /* ViewController.swift */; };
		99EB4A78229C0FD900B2BD93 /* Main.storyboard in Resources */ = {isa = PBXBuildFile; fileRef = 99EB4A76229C0FD900B2BD93 /* Main.storyboard */; };
		99EB4A7A229C0FDC00B2BD93 /* Assets.xcassets in Resources */ = {isa = PBXBuildFile; fileRef = 99EB4A79229C0FDC00B2BD93 /* Assets.xcassets */; };
		99EB4A7D229C0FDC00B2BD93 /* LaunchScreen.storyboard in Resources */ = {isa = PBXBuildFile; fileRef = 99EB4A7B229C0FDC00B2BD93 /* LaunchScreen.storyboard */; };
/* End PBXBuildFile section */

/* Begin PBXFileReference section */
		467ADB0E55F0DAE27B564622 /* Pods-UITableVIewExample.debug.xcconfig */ = {isa = PBXFileReference; includeInIndex = 1; lastKnownFileType = text.xcconfig; name = "Pods-UITableVIewExample.debug.xcconfig"; path = "Target Support Files/Pods-UITableVIewExample/Pods-UITableVIewExample.debug.xcconfig"; sourceTree = "<group>"; };
		5AF9F8035EDAC26C95BF9A72 /* Pods_UITableVIewExample.framework */ = {isa = PBXFileReference; explicitFileType = wrapper.framework; includeInIndex = 0; path = Pods_UITableVIewExample.framework; sourceTree = BUILT_PRODUCTS_DIR; };
		9920D28B229D20D70077C95C /* SingleContentCell.swift */ = {isa = PBXFileReference; lastKnownFileType = sourcecode.swift; path = SingleContentCell.swift; sourceTree = "<group>"; };
		9920D28D229D2B730077C95C /* DummyImageService.swift */ = {isa = PBXFileReference; lastKnownFileType = sourcecode.swift; path = DummyImageService.swift; sourceTree = "<group>"; };
		99EB4A6F229C0FD900B2BD93 /* UITableVIewExample.app */ = {isa = PBXFileReference; explicitFileType = wrapper.application; includeInIndex = 0; path = UITableVIewExample.app; sourceTree = BUILT_PRODUCTS_DIR; };
		99EB4A72229C0FD900B2BD93 /* AppDelegate.swift */ = {isa = PBXFileReference; lastKnownFileType = sourcecode.swift; path = AppDelegate.swift; sourceTree = "<group>"; };
		99EB4A74229C0FD900B2BD93 /* ViewController.swift */ = {isa = PBXFileReference; lastKnownFileType = sourcecode.swift; path = ViewController.swift; sourceTree = "<group>"; };
		99EB4A77229C0FD900B2BD93 /* Base */ = {isa = PBXFileReference; lastKnownFileType = file.storyboard; name = Base; path = Base.lproj/Main.storyboard; sourceTree = "<group>"; };
		99EB4A79229C0FDC00B2BD93 /* Assets.xcassets */ = {isa = PBXFileReference; lastKnownFileType = folder.assetcatalog; path = Assets.xcassets; sourceTree = "<group>"; };
		99EB4A7C229C0FDC00B2BD93 /* Base */ = {isa = PBXFileReference; lastKnownFileType = file.storyboard; name = Base; path = Base.lproj/LaunchScreen.storyboard; sourceTree = "<group>"; };
		99EB4A7E229C0FDC00B2BD93 /* Info.plist */ = {isa = PBXFileReference; lastKnownFileType = text.plist.xml; path = Info.plist; sourceTree = "<group>"; };
		D22126ADA6B39B3FA6191D1F /* Pods-UITableVIewExample.release.xcconfig */ = {isa = PBXFileReference; includeInIndex = 1; lastKnownFileType = text.xcconfig; name = "Pods-UITableVIewExample.release.xcconfig"; path = "Target Support Files/Pods-UITableVIewExample/Pods-UITableVIewExample.release.xcconfig"; sourceTree = "<group>"; };
/* End PBXFileReference section */

/* Begin PBXFrameworksBuildPhase section */
		99EB4A6C229C0FD900B2BD93 /* Frameworks */ = {
			isa = PBXFrameworksBuildPhase;
			buildActionMask = 2147483647;
			files = (
				8CEC7B1FFA627DDAFD66FFAC /* Pods_UITableVIewExample.framework in Frameworks */,
			);
			runOnlyForDeploymentPostprocessing = 0;
		};
/* End PBXFrameworksBuildPhase section */

/* Begin PBXGroup section */
		54293F3EDBFE5256858A7371 /* Pods */ = {
			isa = PBXGroup;
			children = (
				467ADB0E55F0DAE27B564622 /* Pods-UITableVIewExample.debug.xcconfig */,
				D22126ADA6B39B3FA6191D1F /* Pods-UITableVIewExample.release.xcconfig */,
			);
			path = Pods;
			sourceTree = "<group>";
		};
		99EB4A66229C0FD900B2BD93 = {
			isa = PBXGroup;
			children = (
				99EB4A71229C0FD900B2BD93 /* UITableVIewExample */,
				99EB4A70229C0FD900B2BD93 /* Products */,
				54293F3EDBFE5256858A7371 /* Pods */,
				BA8E3869EDDD63786DEA98F9 /* Frameworks */,
			);
			sourceTree = "<group>";
		};
		99EB4A70229C0FD900B2BD93 /* Products */ = {
			isa = PBXGroup;
			children = (
				99EB4A6F229C0FD900B2BD93 /* UITableVIewExample.app */,
			);
			name = Products;
			sourceTree = "<group>";
		};
		99EB4A71229C0FD900B2BD93 /* UITableVIewExample */ = {
			isa = PBXGroup;
			children = (
				99EB4A72229C0FD900B2BD93 /* AppDelegate.swift */,
				99EB4A74229C0FD900B2BD93 /* ViewController.swift */,
				99EB4A76229C0FD900B2BD93 /* Main.storyboard */,
				99EB4A79229C0FDC00B2BD93 /* Assets.xcassets */,
				99EB4A7B229C0FDC00B2BD93 /* LaunchScreen.storyboard */,
				99EB4A7E229C0FDC00B2BD93 /* Info.plist */,
				9920D28B229D20D70077C95C /* SingleContentCell.swift */,
				9920D28D229D2B730077C95C /* DummyImageService.swift */,
			);
			path = UITableVIewExample;
			sourceTree = "<group>";
		};
		BA8E3869EDDD63786DEA98F9 /* Frameworks */ = {
			isa = PBXGroup;
			children = (
				5AF9F8035EDAC26C95BF9A72 /* Pods_UITableVIewExample.framework */,
			);
			name = Frameworks;
			sourceTree = "<group>";
		};
/* End PBXGroup section */

/* Begin PBXNativeTarget section */
		99EB4A6E229C0FD900B2BD93 /* UITableVIewExample */ = {
			isa = PBXNativeTarget;
			buildConfigurationList = 99EB4A81229C0FDC00B2BD93 /* Build configuration list for PBXNativeTarget "UITableVIewExample" */;
			buildPhases = (
				F8CC7ED00F82275770D03FE9 /* [CP] Check Pods Manifest.lock */,
				99EB4A6B229C0FD900B2BD93 /* Sources */,
				99EB4A6C229C0FD900B2BD93 /* Frameworks */,
				99EB4A6D229C0FD900B2BD93 /* Resources */,
				E55B38B636E9547269822073 /* [CP] Embed Pods Frameworks */,
			);
			buildRules = (
			);
			dependencies = (
			);
			name = UITableVIewExample;
			productName = UITableVIewExample;
			productReference = 99EB4A6F229C0FD900B2BD93 /* UITableVIewExample.app */;
			productType = "com.apple.product-type.application";
		};
/* End PBXNativeTarget section */

/* Begin PBXProject section */
		99EB4A67229C0FD900B2BD93 /* Project object */ = {
			isa = PBXProject;
			attributes = {
				LastSwiftUpdateCheck = 1010;
				LastUpgradeCheck = 1010;
				ORGANIZATIONNAME = gonini;
				TargetAttributes = {
					99EB4A6E229C0FD900B2BD93 = {
						CreatedOnToolsVersion = 10.1;
					};
				};
			};
			buildConfigurationList = 99EB4A6A229C0FD900B2BD93 /* Build configuration list for PBXProject "UITableVIewExample" */;
			compatibilityVersion = "Xcode 9.3";
			developmentRegion = en;
			hasScannedForEncodings = 0;
			knownRegions = (
				en,
				Base,
			);
			mainGroup = 99EB4A66229C0FD900B2BD93;
			productRefGroup = 99EB4A70229C0FD900B2BD93 /* Products */;
			projectDirPath = "";
			projectRoot = "";
			targets = (
				99EB4A6E229C0FD900B2BD93 /* UITableVIewExample */,
			);
		};
/* End PBXProject section */

/* Begin PBXResourcesBuildPhase section */
		99EB4A6D229C0FD900B2BD93 /* Resources */ = {
			isa = PBXResourcesBuildPhase;
			buildActionMask = 2147483647;
			files = (
				99EB4A7D229C0FDC00B2BD93 /* LaunchScreen.storyboard in Resources */,
				99EB4A7A229C0FDC00B2BD93 /* Assets.xcassets in Resources */,
				99EB4A78229C0FD900B2BD93 /* Main.storyboard in Resources */,
			);
			runOnlyForDeploymentPostprocessing = 0;
		};
/* End PBXResourcesBuildPhase section */

/* Begin PBXShellScriptBuildPhase section */
		E55B38B636E9547269822073 /* [CP] Embed Pods Frameworks */ = {
			isa = PBXShellScriptBuildPhase;
			buildActionMask = 2147483647;
			files = (
			);
			inputFileListPaths = (
			);
			inputPaths = (
				"${PODS_ROOT}/Target Support Files/Pods-UITableVIewExample/Pods-UITableVIewExample-frameworks.sh",
				"${BUILT_PRODUCTS_DIR}/Kingfisher/Kingfisher.framework",
				"${BUILT_PRODUCTS_DIR}/SnapKit/SnapKit.framework",
			);
			name = "[CP] Embed Pods Frameworks";
			outputFileListPaths = (
			);
			outputPaths = (
				"${TARGET_BUILD_DIR}/${FRAMEWORKS_FOLDER_PATH}/Kingfisher.framework",
				"${TARGET_BUILD_DIR}/${FRAMEWORKS_FOLDER_PATH}/SnapKit.framework",
			);
			runOnlyForDeploymentPostprocessing = 0;
			shellPath = /bin/sh;
			shellScript = "\"${PODS_ROOT}/Target Support Files/Pods-UITableVIewExample/Pods-UITableVIewExample-frameworks.sh\"\n";
			showEnvVarsInLog = 0;
		};
		F8CC7ED00F82275770D03FE9 /* [CP] Check Pods Manifest.lock */ = {
			isa = PBXShellScriptBuildPhase;
			buildActionMask = 2147483647;
			files = (
			);
			inputFileListPaths = (
			);
			inputPaths = (
				"${PODS_PODFILE_DIR_PATH}/Podfile.lock",
				"${PODS_ROOT}/Manifest.lock",
			);
			name = "[CP] Check Pods Manifest.lock";
			outputFileListPaths = (
			);
			outputPaths = (
				"$(DERIVED_FILE_DIR)/Pods-UITableVIewExample-checkManifestLockResult.txt",
			);
			runOnlyForDeploymentPostprocessing = 0;
			shellPath = /bin/sh;
			shellScript = "diff \"${PODS_PODFILE_DIR_PATH}/Podfile.lock\" \"${PODS_ROOT}/Manifest.lock\" > /dev/null\nif [ $? != 0 ] ; then\n    # print error to STDERR\n    echo \"error: The sandbox is not in sync with the Podfile.lock. Run 'pod install' or update your CocoaPods installation.\" >&2\n    exit 1\nfi\n# This output is used by Xcode 'outputs' to avoid re-running this script phase.\necho \"SUCCESS\" > \"${SCRIPT_OUTPUT_FILE_0}\"\n";
			showEnvVarsInLog = 0;
		};
/* End PBXShellScriptBuildPhase section */

/* Begin PBXSourcesBuildPhase section */
		99EB4A6B229C0FD900B2BD93 /* Sources */ = {
			isa = PBXSourcesBuildPhase;
			buildActionMask = 2147483647;
			files = (
				9920D28C229D20D70077C95C /* SingleContentCell.swift in Sources */,
				9920D28E229D2B730077C95C /* DummyImageService.swift in Sources */,
				99EB4A75229C0FD900B2BD93 /* ViewController.swift in Sources */,
				99EB4A73229C0FD900B2BD93 /* AppDelegate.swift in Sources */,
			);
			runOnlyForDeploymentPostprocessing = 0;
		};
/* End PBXSourcesBuildPhase section */

/* Begin PBXVariantGroup section */
		99EB4A76229C0FD900B2BD93 /* Main.storyboard */ = {
			isa = PBXVariantGroup;
			children = (
				99EB4A77229C0FD900B2BD93 /* Base */,
			);
			name = Main.storyboard;
			sourceTree = "<group>";
		};
		99EB4A7B229C0FDC00B2BD93 /* LaunchScreen.storyboard */ = {
			isa = PBXVariantGroup;
			children = (
				99EB4A7C229C0FDC00B2BD93 /* Base */,
			);
			name = LaunchScreen.storyboard;
			sourceTree = "<group>";
		};
/* End PBXVariantGroup section */

/* Begin XCBuildConfiguration section */
		99EB4A7F229C0FDC00B2BD93 /* Debug */ = {
			isa = XCBuildConfiguration;
			buildSettings = {
				ALWAYS_SEARCH_USER_PATHS = NO;
				CLANG_ANALYZER_NONNULL = YES;
				CLANG_ANALYZER_NUMBER_OBJECT_CONVERSION = YES_AGGRESSIVE;
				CLANG_CXX_LANGUAGE_STANDARD = "gnu++14";
				CLANG_CXX_LIBRARY = "libc++";
				CLANG_ENABLE_MODULES = YES;
				CLANG_ENABLE_OBJC_ARC = YES;
				CLANG_ENABLE_OBJC_WEAK = YES;
				CLANG_WARN_BLOCK_CAPTURE_AUTORELEASING = YES;
				CLANG_WARN_BOOL_CONVERSION = YES;
				CLANG_WARN_COMMA = YES;
				CLANG_WARN_CONSTANT_CONVERSION = YES;
				CLANG_WARN_DEPRECATED_OBJC_IMPLEMENTATIONS = YES;
				CLANG_WARN_DIRECT_OBJC_ISA_USAGE = YES_ERROR;
				CLANG_WARN_DOCUMENTATION_COMMENTS = YES;
				CLANG_WARN_EMPTY_BODY = YES;
				CLANG_WARN_ENUM_CONVERSION = YES;
				CLANG_WARN_INFINITE_RECURSION = YES;
				CLANG_WARN_INT_CONVERSION = YES;
				CLANG_WARN_NON_LITERAL_NULL_CONVERSION = YES;
				CLANG_WARN_OBJC_IMPLICIT_RETAIN_SELF = YES;
				CLANG_WARN_OBJC_LITERAL_CONVERSION = YES;
				CLANG_WARN_OBJC_ROOT_CLASS = YES_ERROR;
				CLANG_WARN_RANGE_LOOP_ANALYSIS = YES;
				CLANG_WARN_STRICT_PROTOTYPES = YES;
				CLANG_WARN_SUSPICIOUS_MOVE = YES;
				CLANG_WARN_UNGUARDED_AVAILABILITY = YES_AGGRESSIVE;
				CLANG_WARN_UNREACHABLE_CODE = YES;
				CLANG_WARN__DUPLICATE_METHOD_MATCH = YES;
				CODE_SIGN_IDENTITY = "iPhone Developer";
				COPY_PHASE_STRIP = NO;
				DEBUG_INFORMATION_FORMAT = dwarf;
				ENABLE_STRICT_OBJC_MSGSEND = YES;
				ENABLE_TESTABILITY = YES;
				GCC_C_LANGUAGE_STANDARD = gnu11;
				GCC_DYNAMIC_NO_PIC = NO;
				GCC_NO_COMMON_BLOCKS = YES;
				GCC_OPTIMIZATION_LEVEL = 0;
				GCC_PREPROCESSOR_DEFINITIONS = (
					"DEBUG=1",
					"$(inherited)",
				);
				GCC_WARN_64_TO_32_BIT_CONVERSION = YES;
				GCC_WARN_ABOUT_RETURN_TYPE = YES_ERROR;
				GCC_WARN_UNDECLARED_SELECTOR = YES;
				GCC_WARN_UNINITIALIZED_AUTOS = YES_AGGRESSIVE;
				GCC_WARN_UNUSED_FUNCTION = YES;
				GCC_WARN_UNUSED_VARIABLE = YES;
				IPHONEOS_DEPLOYMENT_TARGET = 12.1;
				MTL_ENABLE_DEBUG_INFO = INCLUDE_SOURCE;
				MTL_FAST_MATH = YES;
				ONLY_ACTIVE_ARCH = YES;
				SDKROOT = iphoneos;
				SWIFT_ACTIVE_COMPILATION_CONDITIONS = DEBUG;
				SWIFT_OPTIMIZATION_LEVEL = "-Onone";
			};
			name = Debug;
		};
		99EB4A80229C0FDC00B2BD93 /* Release */ = {
			isa = XCBuildConfiguration;
			buildSettings = {
				ALWAYS_SEARCH_USER_PATHS = NO;
				CLANG_ANALYZER_NONNULL = YES;
				CLANG_ANALYZER_NUMBER_OBJECT_CONVERSION = YES_AGGRESSIVE;
				CLANG_CXX_LANGUAGE_STANDARD = "gnu++14";
				CLANG_CXX_LIBRARY = "libc++";
				CLANG_ENABLE_MODULES = YES;
				CLANG_ENABLE_OBJC_ARC = YES;
				CLANG_ENABLE_OBJC_WEAK = YES;
				CLANG_WARN_BLOCK_CAPTURE_AUTORELEASING = YES;
				CLANG_WARN_BOOL_CONVERSION = YES;
				CLANG_WARN_COMMA = YES;
				CLANG_WARN_CONSTANT_CONVERSION = YES;
				CLANG_WARN_DEPRECATED_OBJC_IMPLEMENTATIONS = YES;
				CLANG_WARN_DIRECT_OBJC_ISA_USAGE = YES_ERROR;
				CLANG_WARN_DOCUMENTATION_COMMENTS = YES;
				CLANG_WARN_EMPTY_BODY = YES;
				CLANG_WARN_ENUM_CONVERSION = YES;
				CLANG_WARN_INFINITE_RECURSION = YES;
				CLANG_WARN_INT_CONVERSION = YES;
				CLANG_WARN_NON_LITERAL_NULL_CONVERSION = YES;
				CLANG_WARN_OBJC_IMPLICIT_RETAIN_SELF = YES;
				CLANG_WARN_OBJC_LITERAL_CONVERSION = YES;
				CLANG_WARN_OBJC_ROOT_CLASS = YES_ERROR;
				CLANG_WARN_RANGE_LOOP_ANALYSIS = YES;
				CLANG_WARN_STRICT_PROTOTYPES = YES;
				CLANG_WARN_SUSPICIOUS_MOVE = YES;
				CLANG_WARN_UNGUARDED_AVAILABILITY = YES_AGGRESSIVE;
				CLANG_WARN_UNREACHABLE_CODE = YES;
				CLANG_WARN__DUPLICATE_METHOD_MATCH = YES;
				CODE_SIGN_IDENTITY = "iPhone Developer";
				COPY_PHASE_STRIP = NO;
				DEBUG_INFORMATION_FORMAT = "dwarf-with-dsym";
				ENABLE_NS_ASSERTIONS = NO;
				ENABLE_STRICT_OBJC_MSGSEND = YES;
				GCC_C_LANGUAGE_STANDARD = gnu11;
				GCC_NO_COMMON_BLOCKS = YES;
				GCC_WARN_64_TO_32_BIT_CONVERSION = YES;
				GCC_WARN_ABOUT_RETURN_TYPE = YES_ERROR;
				GCC_WARN_UNDECLARED_SELECTOR = YES;
				GCC_WARN_UNINITIALIZED_AUTOS = YES_AGGRESSIVE;
				GCC_WARN_UNUSED_FUNCTION = YES;
				GCC_WARN_UNUSED_VARIABLE = YES;
				IPHONEOS_DEPLOYMENT_TARGET = 12.1;
				MTL_ENABLE_DEBUG_INFO = NO;
				MTL_FAST_MATH = YES;
				SDKROOT = iphoneos;
				SWIFT_COMPILATION_MODE = wholemodule;
				SWIFT_OPTIMIZATION_LEVEL = "-O";
				VALIDATE_PRODUCT = YES;
			};
			name = Release;
		};
		99EB4A82229C0FDC00B2BD93 /* Debug */ = {
			isa = XCBuildConfiguration;
			baseConfigurationReference = 467ADB0E55F0DAE27B564622 /* Pods-UITableVIewExample.debug.xcconfig */;
			buildSettings = {
				ASSETCATALOG_COMPILER_APPICON_NAME = AppIcon;
				CODE_SIGN_STYLE = Automatic;
				DEVELOPMENT_TEAM = 5ELQH5H3HB;
				INFOPLIST_FILE = UITableVIewExample/Info.plist;
				LD_RUNPATH_SEARCH_PATHS = (
					"$(inherited)",
					"@executable_path/Frameworks",
				);
				PRODUCT_BUNDLE_IDENTIFIER = gonini.UITableVIewExample;
				PRODUCT_NAME = "$(TARGET_NAME)";
				SWIFT_VERSION = 4.2;
				TARGETED_DEVICE_FAMILY = "1,2";
			};
			name = Debug;
		};
		99EB4A83229C0FDC00B2BD93 /* Release */ = {
			isa = XCBuildConfiguration;
			baseConfigurationReference = D22126ADA6B39B3FA6191D1F /* Pods-UITableVIewExample.release.xcconfig */;
			buildSettings = {
				ASSETCATALOG_COMPILER_APPICON_NAME = AppIcon;
				CODE_SIGN_STYLE = Automatic;
				DEVELOPMENT_TEAM = 5ELQH5H3HB;
				INFOPLIST_FILE = UITableVIewExample/Info.plist;
				LD_RUNPATH_SEARCH_PATHS = (
					"$(inherited)",
					"@executable_path/Frameworks",
				);
				PRODUCT_BUNDLE_IDENTIFIER = gonini.UITableVIewExample;
				PRODUCT_NAME = "$(TARGET_NAME)";
				SWIFT_VERSION = 4.2;
				TARGETED_DEVICE_FAMILY = "1,2";
			};
			name = Release;
		};
/* End XCBuildConfiguration section */

/* Begin XCConfigurationList section */
		99EB4A6A229C0FD900B2BD93 /* Build configuration list for PBXProject "UITableVIewExample" */ = {
			isa = XCConfigurationList;
			buildConfigurations = (
				99EB4A7F229C0FDC00B2BD93 /* Debug */,
				99EB4A80229C0FDC00B2BD93 /* Release */,
			);
			defaultConfigurationIsVisible = 0;
			defaultConfigurationName = Release;
		};
		99EB4A81229C0FDC00B2BD93 /* Build configuration list for PBXNativeTarget "UITableVIewExample" */ = {
			isa = XCConfigurationList;
			buildConfigurations = (
				99EB4A82229C0FDC00B2BD93 /* Debug */,
				99EB4A83229C0FDC00B2BD93 /* Release */,
			);
			defaultConfigurationIsVisible = 0;
			defaultConfigurationName = Release;
		};
/* End XCConfigurationList section */
	};
	rootObject = 99EB4A67229C0FD900B2BD93 /* Project object */;
}
